
Microsoft Visual Studio Solution File, Format Version 12.00
# Visual Studio Version 16
VisualStudioVersion = 16.0.29806.167
MinimumVisualStudioVersion = 10.0.40219.1
Project("{FAE04EC0-301F-11D3-BF4B-00C04F79EFBC}") = "FFmpeg.ImageCompresser", "FFmpeg.ImageCompresser\FFmpeg.ImageCompresser.csproj", "{235CF48E-5EE5-4453-BFEE-9310C2A20D6D}"
EndProject
Global
	GlobalSection(SolutionConfigurationPlatforms) = preSolution
		Debug|Any CPU = Debug|Any CPU
		Release|Any CPU = Release|Any CPU
	EndGlobalSection
	GlobalSection(ProjectConfigurationPlatforms) = postSolution
		{235CF48E-5EE5-4453-BFEE-9310C2A20D6D}.Debug|Any CPU.ActiveCfg = Debug|Any CPU
		{235CF48E-5EE5-4453-BFEE-9310C2A20D6D}.Debug|Any CPU.Build.0 = Debug|Any CPU
		{235CF48E-5EE5-4453-BFEE-9310C2A20D6D}.Release|Any CPU.ActiveCfg = Release|Any CPU
		{235CF48E-5EE5-4453-BFEE-9310C2A20D6D}.Release|Any CPU.Build.0 = Release|Any CPU
	EndGlobalSection
	GlobalSection(SolutionProperties) = preSolution
		HideSolutionNode = FALSE
	EndGlobalSection
	GlobalSection(ExtensibilityGlobals) = postSolution
		SolutionGuid = {FD266464-BD6A-48FF-A744-6B9C10A5242A}
	EndGlobalSection
EndGlobal
